
Microsoft Visual Studio Solution File, Format Version 12.00
# Visual Studio Version 16
VisualStudioVersion = 16.0.29424.173
MinimumVisualStudioVersion = 10.0.40219.1
Project("{FAE04EC0-301F-11D3-BF4B-00C04F79EFBC}") = "CombiCon", "CombiCon\CombiCon.csproj", "{82FB17FD-249E-4322-8665-1EDBB2961037}"
EndProject
Global
	GlobalSection(SolutionConfigurationPlatforms) = preSolution
		Debug|Any CPU = Debug|Any CPU
		Release|Any CPU = Release|Any CPU
	EndGlobalSection
	GlobalSection(ProjectConfigurationPlatforms) = postSolution
		{82FB17FD-249E-4322-8665-1EDBB2961037}.Debug|Any CPU.ActiveCfg = Debug|Any CPU
		{82FB17FD-249E-4322-8665-1EDBB2961037}.Debug|Any CPU.Build.0 = Debug|Any CPU
		{82FB17FD-249E-4322-8665-1EDBB2961037}.Release|Any CPU.ActiveCfg = Release|Any CPU
		{82FB17FD-249E-4322-8665-1EDBB2961037}.Release|Any CPU.Build.0 = Release|Any CPU
	EndGlobalSection
	GlobalSection(SolutionProperties) = preSolution
		HideSolutionNode = FALSE
	EndGlobalSection
	GlobalSection(ExtensibilityGlobals) = postSolution
		SolutionGuid = {B8BDE457-8BC8-4D88-A1BE-5469FF223B95}
	EndGlobalSection
EndGlobal
