
Microsoft Visual Studio Solution File, Format Version 12.00
# Visual Studio Version 16
VisualStudioVersion = 16.0.29424.173
MinimumVisualStudioVersion = 10.0.40219.1
Project("{9A19103F-16F7-4668-BE54-9A1E7A4F7556}") = "CombiCon", "CombiCon\CombiCon.csproj", "{82FB17FD-249E-4322-8665-1EDBB2961037}"
EndProject
Project("{9A19103F-16F7-4668-BE54-9A1E7A4F7556}") = "CombiCon.Tests", "CombiCon.Tests\CombiCon.Tests.csproj", "{74CB9400-F54E-4C00-84BE-9579694128E1}"
EndProject
Project("{9A19103F-16F7-4668-BE54-9A1E7A4F7556}") = "CombiConML.Model", "CombiConML.Model\CombiConML.Model.csproj", "{6DF3626C-1327-4A99-8E73-783758D042C8}"
EndProject
Project("{9A19103F-16F7-4668-BE54-9A1E7A4F7556}") = "CombiConML.ConsoleApp", "CombiConML.ConsoleApp\CombiConML.ConsoleApp.csproj", "{0717127F-E019-4D87-90B3-1A7FCD5A564B}"
EndProject
Global
	GlobalSection(SolutionConfigurationPlatforms) = preSolution
		Debug|Any CPU = Debug|Any CPU
		Debug|x86 = Debug|x86
		Release|Any CPU = Release|Any CPU
		Release|x86 = Release|x86
	EndGlobalSection
	GlobalSection(ProjectConfigurationPlatforms) = postSolution
		{82FB17FD-249E-4322-8665-1EDBB2961037}.Debug|Any CPU.ActiveCfg = Debug|Any CPU
		{82FB17FD-249E-4322-8665-1EDBB2961037}.Debug|Any CPU.Build.0 = Debug|Any CPU
		{82FB17FD-249E-4322-8665-1EDBB2961037}.Debug|x86.ActiveCfg = Debug|x86
		{82FB17FD-249E-4322-8665-1EDBB2961037}.Debug|x86.Build.0 = Debug|x86
		{82FB17FD-249E-4322-8665-1EDBB2961037}.Release|Any CPU.ActiveCfg = Release|Any CPU
		{82FB17FD-249E-4322-8665-1EDBB2961037}.Release|Any CPU.Build.0 = Release|Any CPU
		{82FB17FD-249E-4322-8665-1EDBB2961037}.Release|x86.ActiveCfg = Release|x86
		{82FB17FD-249E-4322-8665-1EDBB2961037}.Release|x86.Build.0 = Release|x86
		{74CB9400-F54E-4C00-84BE-9579694128E1}.Debug|Any CPU.ActiveCfg = Debug|Any CPU
		{74CB9400-F54E-4C00-84BE-9579694128E1}.Debug|Any CPU.Build.0 = Debug|Any CPU
		{74CB9400-F54E-4C00-84BE-9579694128E1}.Debug|x86.ActiveCfg = Debug|Any CPU
		{74CB9400-F54E-4C00-84BE-9579694128E1}.Debug|x86.Build.0 = Debug|Any CPU
		{74CB9400-F54E-4C00-84BE-9579694128E1}.Release|Any CPU.ActiveCfg = Release|Any CPU
		{74CB9400-F54E-4C00-84BE-9579694128E1}.Release|Any CPU.Build.0 = Release|Any CPU
		{74CB9400-F54E-4C00-84BE-9579694128E1}.Release|x86.ActiveCfg = Release|Any CPU
		{74CB9400-F54E-4C00-84BE-9579694128E1}.Release|x86.Build.0 = Release|Any CPU
		{6DF3626C-1327-4A99-8E73-783758D042C8}.Debug|Any CPU.ActiveCfg = Debug|Any CPU
		{6DF3626C-1327-4A99-8E73-783758D042C8}.Debug|Any CPU.Build.0 = Debug|Any CPU
		{6DF3626C-1327-4A99-8E73-783758D042C8}.Debug|x86.ActiveCfg = Debug|Any CPU
		{6DF3626C-1327-4A99-8E73-783758D042C8}.Debug|x86.Build.0 = Debug|Any CPU
		{6DF3626C-1327-4A99-8E73-783758D042C8}.Release|Any CPU.ActiveCfg = Release|Any CPU
		{6DF3626C-1327-4A99-8E73-783758D042C8}.Release|Any CPU.Build.0 = Release|Any CPU
		{6DF3626C-1327-4A99-8E73-783758D042C8}.Release|x86.ActiveCfg = Release|Any CPU
		{6DF3626C-1327-4A99-8E73-783758D042C8}.Release|x86.Build.0 = Release|Any CPU
		{0717127F-E019-4D87-90B3-1A7FCD5A564B}.Debug|Any CPU.ActiveCfg = Debug|Any CPU
		{0717127F-E019-4D87-90B3-1A7FCD5A564B}.Debug|Any CPU.Build.0 = Debug|Any CPU
		{0717127F-E019-4D87-90B3-1A7FCD5A564B}.Debug|x86.ActiveCfg = Debug|Any CPU
		{0717127F-E019-4D87-90B3-1A7FCD5A564B}.Debug|x86.Build.0 = Debug|Any CPU
		{0717127F-E019-4D87-90B3-1A7FCD5A564B}.Release|Any CPU.ActiveCfg = Release|Any CPU
		{0717127F-E019-4D87-90B3-1A7FCD5A564B}.Release|Any CPU.Build.0 = Release|Any CPU
		{0717127F-E019-4D87-90B3-1A7FCD5A564B}.Release|x86.ActiveCfg = Release|Any CPU
		{0717127F-E019-4D87-90B3-1A7FCD5A564B}.Release|x86.Build.0 = Release|Any CPU
	EndGlobalSection
	GlobalSection(SolutionProperties) = preSolution
		HideSolutionNode = FALSE
	EndGlobalSection
	GlobalSection(ExtensibilityGlobals) = postSolution
		SolutionGuid = {B8BDE457-8BC8-4D88-A1BE-5469FF223B95}
	EndGlobalSection
EndGlobal
